// !$*UTF8*$!
{
	archiveVersion = 1;
	classes = {
	};
	objectVersion = 70;
	objects = {

/* Begin PBXBuildFile section */
		6E12BD5B2D5B5A6F00398924 /* ViewController.swift in Sources */ = {isa = PBXBuildFile; fileRef = 6E12BD5A2D5B5A6F00398924 /* ViewController.swift */; };
		6E12BD692D5B5B0100398924 /* LoginViewController 2.swift in Sources */ = {isa = PBXBuildFile; fileRef = 6E12BD682D5B5B0100398924 /* LoginViewController 2.swift */; };
		6E12BD6B2D5B5B1F00398924 /* RegisterViewController 2.swift in Sources */ = {isa = PBXBuildFile; fileRef = 6E12BD6A2D5B5B1F00398924 /* RegisterViewController 2.swift */; };
		6E12BD6D2D5B5B2C00398924 /* MainViewController 2.swift in Sources */ = {isa = PBXBuildFile; fileRef = 6E12BD6C2D5B5B2C00398924 /* MainViewController 2.swift */; };
		6E12BD6F2D5B5B3700398924 /* WelcomViewController.swift in Sources */ = {isa = PBXBuildFile; fileRef = 6E12BD6E2D5B5B3700398924 /* WelcomViewController.swift */; };
		6E12BD772D5B73E600398924 /* ChatCell.xib in Resources */ = {isa = PBXBuildFile; fileRef = 6E12BD762D5B73E600398924 /* ChatCell.xib */; };
		6E12BD792D5B75AD00398924 /* ChatTableViewCell.swift in Sources */ = {isa = PBXBuildFile; fileRef = 6E12BD782D5B75AD00398924 /* ChatTableViewCell.swift */; };
		6EB42B992D5A1B1A0079E6AF /* Assets.xcassets in Resources */ = {isa = PBXBuildFile; fileRef = 6EB42B8F2D5A1B1A0079E6AF /* Assets.xcassets */; };
		6EB42B9A2D5A1B1A0079E6AF /* GoogleService-Info.plist in Resources */ = {isa = PBXBuildFile; fileRef = 6EB42B902D5A1B1A0079E6AF /* GoogleService-Info.plist */; };
		6EB42B9C2D5A1B1A0079E6AF /* LaunchScreen.storyboard in Resources */ = {isa = PBXBuildFile; fileRef = 6EB42B932D5A1B1A0079E6AF /* LaunchScreen.storyboard */; };
		6EB42B9D2D5A1B1A0079E6AF /* Main.storyboard in Resources */ = {isa = PBXBuildFile; fileRef = 6EB42B952D5A1B1A0079E6AF /* Main.storyboard */; };
		6EB42B9E2D5A1B1A0079E6AF /* AppDelegate.swift in Sources */ = {isa = PBXBuildFile; fileRef = 6EB42B8E2D5A1B1A0079E6AF /* AppDelegate.swift */; };
		6EB42B9F2D5A1B1A0079E6AF /* SceneDelegate.swift in Sources */ = {isa = PBXBuildFile; fileRef = 6EB42B962D5A1B1A0079E6AF /* SceneDelegate.swift */; };
		7B5A5B3C4A445E706DB181A1 /* Pods_chattappyirmak.framework in Frameworks */ = {isa = PBXBuildFile; fileRef = 120F74EE16B3ADA8C9EF60B7 /* Pods_chattappyirmak.framework */; };
/* End PBXBuildFile section */

/* Begin PBXContainerItemProxy section */
		6E11CEE42D0719AD007CFA37 /* PBXContainerItemProxy */ = {
			isa = PBXContainerItemProxy;
			containerPortal = 6E11CEC52D0719AB007CFA37 /* Project object */;
			proxyType = 1;
			remoteGlobalIDString = 6E11CECC2D0719AB007CFA37;
			remoteInfo = chattappyirmak;
		};
		6E11CEEE2D0719AD007CFA37 /* PBXContainerItemProxy */ = {
			isa = PBXContainerItemProxy;
			containerPortal = 6E11CEC52D0719AB007CFA37 /* Project object */;
			proxyType = 1;
			remoteGlobalIDString = 6E11CECC2D0719AB007CFA37;
			remoteInfo = chattappyirmak;
		};
/* End PBXContainerItemProxy section */

/* Begin PBXFileReference section */
		120F74EE16B3ADA8C9EF60B7 /* Pods_chattappyirmak.framework */ = {isa = PBXFileReference; explicitFileType = wrapper.framework; includeInIndex = 0; path = Pods_chattappyirmak.framework; sourceTree = BUILT_PRODUCTS_DIR; };
		53321D452612336DB177C7A4 /* Pods-chattappyirmak.release.xcconfig */ = {isa = PBXFileReference; includeInIndex = 1; lastKnownFileType = text.xcconfig; name = "Pods-chattappyirmak.release.xcconfig"; path = "Target Support Files/Pods-chattappyirmak/Pods-chattappyirmak.release.xcconfig"; sourceTree = "<group>"; };
		6E11CECD2D0719AB007CFA37 /* chattappyirmak.app */ = {isa = PBXFileReference; explicitFileType = wrapper.application; includeInIndex = 0; path = chattappyirmak.app; sourceTree = BUILT_PRODUCTS_DIR; };
		6E11CEE32D0719AD007CFA37 /* chattappyirmakTests.xctest */ = {isa = PBXFileReference; explicitFileType = wrapper.cfbundle; includeInIndex = 0; path = chattappyirmakTests.xctest; sourceTree = BUILT_PRODUCTS_DIR; };
		6E11CEED2D0719AD007CFA37 /* chattappyirmakUITests.xctest */ = {isa = PBXFileReference; explicitFileType = wrapper.cfbundle; includeInIndex = 0; path = chattappyirmakUITests.xctest; sourceTree = BUILT_PRODUCTS_DIR; };
		6E12BD5A2D5B5A6F00398924 /* ViewController.swift */ = {isa = PBXFileReference; lastKnownFileType = sourcecode.swift; path = ViewController.swift; sourceTree = "<group>"; };
		6E12BD682D5B5B0100398924 /* LoginViewController 2.swift */ = {isa = PBXFileReference; lastKnownFileType = sourcecode.swift; path = "LoginViewController 2.swift"; sourceTree = "<group>"; };
		6E12BD6A2D5B5B1F00398924 /* RegisterViewController 2.swift */ = {isa = PBXFileReference; lastKnownFileType = sourcecode.swift; path = "RegisterViewController 2.swift"; sourceTree = "<group>"; };
		6E12BD6C2D5B5B2C00398924 /* MainViewController 2.swift */ = {isa = PBXFileReference; lastKnownFileType = sourcecode.swift; path = "MainViewController 2.swift"; sourceTree = "<group>"; };
		6E12BD6E2D5B5B3700398924 /* WelcomViewController.swift */ = {isa = PBXFileReference; lastKnownFileType = sourcecode.swift; path = WelcomViewController.swift; sourceTree = "<group>"; };
		6E12BD762D5B73E600398924 /* ChatCell.xib */ = {isa = PBXFileReference; lastKnownFileType = file.xib; path = ChatCell.xib; sourceTree = "<group>"; };
		6E12BD782D5B75AD00398924 /* ChatTableViewCell.swift */ = {isa = PBXFileReference; lastKnownFileType = sourcecode.swift; path = ChatTableViewCell.swift; sourceTree = "<group>"; };
		6EB42B8E2D5A1B1A0079E6AF /* AppDelegate.swift */ = {isa = PBXFileReference; lastKnownFileType = sourcecode.swift; path = AppDelegate.swift; sourceTree = "<group>"; };
		6EB42B8F2D5A1B1A0079E6AF /* Assets.xcassets */ = {isa = PBXFileReference; lastKnownFileType = folder.assetcatalog; path = Assets.xcassets; sourceTree = "<group>"; };
		6EB42B902D5A1B1A0079E6AF /* GoogleService-Info.plist */ = {isa = PBXFileReference; lastKnownFileType = text.plist.xml; path = "GoogleService-Info.plist"; sourceTree = "<group>"; };
		6EB42B912D5A1B1A0079E6AF /* Info.plist */ = {isa = PBXFileReference; lastKnownFileType = text.plist.xml; path = Info.plist; sourceTree = "<group>"; };
		6EB42B922D5A1B1A0079E6AF /* Base */ = {isa = PBXFileReference; lastKnownFileType = file.storyboard; name = Base; path = Base.lproj/LaunchScreen.storyboard; sourceTree = "<group>"; };
		6EB42B942D5A1B1A0079E6AF /* Base */ = {isa = PBXFileReference; lastKnownFileType = file.storyboard; name = Base; path = Base.lproj/Main.storyboard; sourceTree = "<group>"; };
		6EB42B962D5A1B1A0079E6AF /* SceneDelegate.swift */ = {isa = PBXFileReference; lastKnownFileType = sourcecode.swift; path = SceneDelegate.swift; sourceTree = "<group>"; };
		8034ACA3BB3FA52AFB4B08F4 /* Pods-chattappyirmak.debug.xcconfig */ = {isa = PBXFileReference; includeInIndex = 1; lastKnownFileType = text.xcconfig; name = "Pods-chattappyirmak.debug.xcconfig"; path = "Target Support Files/Pods-chattappyirmak/Pods-chattappyirmak.debug.xcconfig"; sourceTree = "<group>"; };
/* End PBXFileReference section */

/* Begin PBXFileSystemSynchronizedRootGroup section */
		6E11CEE62D0719AD007CFA37 /* chattappyirmakTests */ = {isa = PBXFileSystemSynchronizedRootGroup; explicitFileTypes = {}; explicitFolders = (); path = chattappyirmakTests; sourceTree = "<group>"; };
		6E11CEF02D0719AD007CFA37 /* chattappyirmakUITests */ = {isa = PBXFileSystemSynchronizedRootGroup; explicitFileTypes = {}; explicitFolders = (); path = chattappyirmakUITests; sourceTree = "<group>"; };
/* End PBXFileSystemSynchronizedRootGroup section */

/* Begin PBXFrameworksBuildPhase section */
		6E11CECA2D0719AB007CFA37 /* Frameworks */ = {
			isa = PBXFrameworksBuildPhase;
			buildActionMask = 2147483647;
			files = (
				7B5A5B3C4A445E706DB181A1 /* Pods_chattappyirmak.framework in Frameworks */,
			);
			runOnlyForDeploymentPostprocessing = 0;
		};
		6E11CEE02D0719AD007CFA37 /* Frameworks */ = {
			isa = PBXFrameworksBuildPhase;
			buildActionMask = 2147483647;
			files = (
			);
			runOnlyForDeploymentPostprocessing = 0;
		};
		6E11CEEA2D0719AD007CFA37 /* Frameworks */ = {
			isa = PBXFrameworksBuildPhase;
			buildActionMask = 2147483647;
			files = (
			);
			runOnlyForDeploymentPostprocessing = 0;
		};
/* End PBXFrameworksBuildPhase section */

/* Begin PBXGroup section */
		6E11CEC42D0719AB007CFA37 = {
			isa = PBXGroup;
			children = (
				6EB42B982D5A1B1A0079E6AF /* chattappyirmak */,
				6E11CEE62D0719AD007CFA37 /* chattappyirmakTests */,
				6E11CEF02D0719AD007CFA37 /* chattappyirmakUITests */,
				6E11CECE2D0719AB007CFA37 /* Products */,
				8AB591B77B6C121047EB799A /* Pods */,
				99E5B5A405D5ED461F6A25C5 /* Frameworks */,
			);
			sourceTree = "<group>";
		};
		6E11CECE2D0719AB007CFA37 /* Products */ = {
			isa = PBXGroup;
			children = (
				6E11CECD2D0719AB007CFA37 /* chattappyirmak.app */,
				6E11CEE32D0719AD007CFA37 /* chattappyirmakTests.xctest */,
				6E11CEED2D0719AD007CFA37 /* chattappyirmakUITests.xctest */,
			);
			name = Products;
			sourceTree = "<group>";
		};
		6E12BD402D5B4F4B00398924 /* APP */ = {
			isa = PBXGroup;
			children = (
				6EB42B8F2D5A1B1A0079E6AF /* Assets.xcassets */,
				6EB42B912D5A1B1A0079E6AF /* Info.plist */,
				6EB42B8E2D5A1B1A0079E6AF /* AppDelegate.swift */,
				6EB42B902D5A1B1A0079E6AF /* GoogleService-Info.plist */,
			);
			path = APP;
			sourceTree = "<group>";
		};
		6E12BD412D5B509E00398924 /* View */ = {
			isa = PBXGroup;
			children = (
				6EB42B932D5A1B1A0079E6AF /* LaunchScreen.storyboard */,
				6EB42B952D5A1B1A0079E6AF /* Main.storyboard */,
				6E12BD762D5B73E600398924 /* ChatCell.xib */,
			);
			path = View;
			sourceTree = "<group>";
		};
		6E12BD422D5B512600398924 /* Controller */ = {
			isa = PBXGroup;
			children = (
				6E12BD5A2D5B5A6F00398924 /* ViewController.swift */,
				6E12BD6A2D5B5B1F00398924 /* RegisterViewController 2.swift */,
				6E12BD6C2D5B5B2C00398924 /* MainViewController 2.swift */,
				6E12BD6E2D5B5B3700398924 /* WelcomViewController.swift */,
				6E12BD682D5B5B0100398924 /* LoginViewController 2.swift */,
				6E12BD782D5B75AD00398924 /* ChatTableViewCell.swift */,
			);
			path = Controller;
			sourceTree = "<group>";
		};
		6EB42B982D5A1B1A0079E6AF /* chattappyirmak */ = {
			isa = PBXGroup;
			children = (
				6E12BD422D5B512600398924 /* Controller */,
				6E12BD412D5B509E00398924 /* View */,
				6E12BD402D5B4F4B00398924 /* APP */,
				6EB42B962D5A1B1A0079E6AF /* SceneDelegate.swift */,
			);
			path = chattappyirmak;
			sourceTree = "<group>";
		};
		8AB591B77B6C121047EB799A /* Pods */ = {
			isa = PBXGroup;
			children = (
				8034ACA3BB3FA52AFB4B08F4 /* Pods-chattappyirmak.debug.xcconfig */,
				53321D452612336DB177C7A4 /* Pods-chattappyirmak.release.xcconfig */,
			);
			path = Pods;
			sourceTree = "<group>";
		};
		99E5B5A405D5ED461F6A25C5 /* Frameworks */ = {
			isa = PBXGroup;
			children = (
				120F74EE16B3ADA8C9EF60B7 /* Pods_chattappyirmak.framework */,
			);
			name = Frameworks;
			sourceTree = "<group>";
		};
/* End PBXGroup section */

/* Begin PBXNativeTarget section */
		6E11CECC2D0719AB007CFA37 /* chattappyirmak */ = {
			isa = PBXNativeTarget;
			buildConfigurationList = 6E11CEF62D0719AD007CFA37 /* Build configuration list for PBXNativeTarget "chattappyirmak" */;
			buildPhases = (
				FB09B6597260C4DF78D3DC27 /* [CP] Check Pods Manifest.lock */,
				6E11CEC92D0719AB007CFA37 /* Sources */,
				6E11CECA2D0719AB007CFA37 /* Frameworks */,
				6E11CECB2D0719AB007CFA37 /* Resources */,
				80E80214E597DA1D777F920A /* [CP] Embed Pods Frameworks */,
			);
			buildRules = (
			);
			dependencies = (
			);
			name = chattappyirmak;
			productName = chattappyirmak;
			productReference = 6E11CECD2D0719AB007CFA37 /* chattappyirmak.app */;
			productType = "com.apple.product-type.application";
		};
		6E11CEE22D0719AD007CFA37 /* chattappyirmakTests */ = {
			isa = PBXNativeTarget;
			buildConfigurationList = 6E11CEFB2D0719AD007CFA37 /* Build configuration list for PBXNativeTarget "chattappyirmakTests" */;
			buildPhases = (
				6E11CEDF2D0719AD007CFA37 /* Sources */,
				6E11CEE02D0719AD007CFA37 /* Frameworks */,
				6E11CEE12D0719AD007CFA37 /* Resources */,
			);
			buildRules = (
			);
			dependencies = (
				6E11CEE52D0719AD007CFA37 /* PBXTargetDependency */,
			);
			fileSystemSynchronizedGroups = (
				6E11CEE62D0719AD007CFA37 /* chattappyirmakTests */,
			);
			name = chattappyirmakTests;
			productName = chattappyirmakTests;
			productReference = 6E11CEE32D0719AD007CFA37 /* chattappyirmakTests.xctest */;
			productType = "com.apple.product-type.bundle.unit-test";
		};
		6E11CEEC2D0719AD007CFA37 /* chattappyirmakUITests */ = {
			isa = PBXNativeTarget;
			buildConfigurationList = 6E11CEFE2D0719AD007CFA37 /* Build configuration list for PBXNativeTarget "chattappyirmakUITests" */;
			buildPhases = (
				6E11CEE92D0719AD007CFA37 /* Sources */,
				6E11CEEA2D0719AD007CFA37 /* Frameworks */,
				6E11CEEB2D0719AD007CFA37 /* Resources */,
			);
			buildRules = (
			);
			dependencies = (
				6E11CEEF2D0719AD007CFA37 /* PBXTargetDependency */,
			);
			fileSystemSynchronizedGroups = (
				6E11CEF02D0719AD007CFA37 /* chattappyirmakUITests */,
			);
			name = chattappyirmakUITests;
			productName = chattappyirmakUITests;
			productReference = 6E11CEED2D0719AD007CFA37 /* chattappyirmakUITests.xctest */;
			productType = "com.apple.product-type.bundle.ui-testing";
		};
/* End PBXNativeTarget section */

/* Begin PBXProject section */
		6E11CEC52D0719AB007CFA37 /* Project object */ = {
			isa = PBXProject;
			attributes = {
				BuildIndependentTargetsInParallel = 1;
				LastSwiftUpdateCheck = 1600;
				LastUpgradeCheck = 1600;
				TargetAttributes = {
					6E11CECC2D0719AB007CFA37 = {
						CreatedOnToolsVersion = 16.0;
					};
					6E11CEE22D0719AD007CFA37 = {
						CreatedOnToolsVersion = 16.0;
						TestTargetID = 6E11CECC2D0719AB007CFA37;
					};
					6E11CEEC2D0719AD007CFA37 = {
						CreatedOnToolsVersion = 16.0;
						TestTargetID = 6E11CECC2D0719AB007CFA37;
					};
				};
			};
			buildConfigurationList = 6E11CEC82D0719AB007CFA37 /* Build configuration list for PBXProject "chattappyirmak" */;
			compatibilityVersion = "Xcode 14.0";
			developmentRegion = en;
			hasScannedForEncodings = 0;
			knownRegions = (
				en,
				Base,
			);
			mainGroup = 6E11CEC42D0719AB007CFA37;
			productRefGroup = 6E11CECE2D0719AB007CFA37 /* Products */;
			projectDirPath = "";
			projectRoot = "";
			targets = (
				6E11CECC2D0719AB007CFA37 /* chattappyirmak */,
				6E11CEE22D0719AD007CFA37 /* chattappyirmakTests */,
				6E11CEEC2D0719AD007CFA37 /* chattappyirmakUITests */,
			);
		};
/* End PBXProject section */

/* Begin PBXResourcesBuildPhase section */
		6E11CECB2D0719AB007CFA37 /* Resources */ = {
			isa = PBXResourcesBuildPhase;
			buildActionMask = 2147483647;
			files = (
				6EB42B992D5A1B1A0079E6AF /* Assets.xcassets in Resources */,
				6EB42B9A2D5A1B1A0079E6AF /* GoogleService-Info.plist in Resources */,
				6E12BD772D5B73E600398924 /* ChatCell.xib in Resources */,
				6EB42B9C2D5A1B1A0079E6AF /* LaunchScreen.storyboard in Resources */,
				6EB42B9D2D5A1B1A0079E6AF /* Main.storyboard in Resources */,
			);
			runOnlyForDeploymentPostprocessing = 0;
		};
		6E11CEE12D0719AD007CFA37 /* Resources */ = {
			isa = PBXResourcesBuildPhase;
			buildActionMask = 2147483647;
			files = (
			);
			runOnlyForDeploymentPostprocessing = 0;
		};
		6E11CEEB2D0719AD007CFA37 /* Resources */ = {
			isa = PBXResourcesBuildPhase;
			buildActionMask = 2147483647;
			files = (
			);
			runOnlyForDeploymentPostprocessing = 0;
		};
/* End PBXResourcesBuildPhase section */

/* Begin PBXShellScriptBuildPhase section */
		80E80214E597DA1D777F920A /* [CP] Embed Pods Frameworks */ = {
			isa = PBXShellScriptBuildPhase;
			buildActionMask = 2147483647;
			files = (
			);
			inputFileListPaths = (
				"${PODS_ROOT}/Target Support Files/Pods-chattappyirmak/Pods-chattappyirmak-frameworks-${CONFIGURATION}-input-files.xcfilelist",
			);
			name = "[CP] Embed Pods Frameworks";
			outputFileListPaths = (
				"${PODS_ROOT}/Target Support Files/Pods-chattappyirmak/Pods-chattappyirmak-frameworks-${CONFIGURATION}-output-files.xcfilelist",
			);
			runOnlyForDeploymentPostprocessing = 0;
			shellPath = /bin/sh;
			shellScript = "\"${PODS_ROOT}/Target Support Files/Pods-chattappyirmak/Pods-chattappyirmak-frameworks.sh\"\n";
			showEnvVarsInLog = 0;
		};
		FB09B6597260C4DF78D3DC27 /* [CP] Check Pods Manifest.lock */ = {
			isa = PBXShellScriptBuildPhase;
			buildActionMask = 2147483647;
			files = (
			);
			inputFileListPaths = (
			);
			inputPaths = (
				"${PODS_PODFILE_DIR_PATH}/Podfile.lock",
				"${PODS_ROOT}/Manifest.lock",
			);
			name = "[CP] Check Pods Manifest.lock";
			outputFileListPaths = (
			);
			outputPaths = (
				"$(DERIVED_FILE_DIR)/Pods-chattappyirmak-checkManifestLockResult.txt",
			);
			runOnlyForDeploymentPostprocessing = 0;
			shellPath = /bin/sh;
			shellScript = "diff \"${PODS_PODFILE_DIR_PATH}/Podfile.lock\" \"${PODS_ROOT}/Manifest.lock\" > /dev/null\nif [ $? != 0 ] ; then\n    # print error to STDERR\n    echo \"error: The sandbox is not in sync with the Podfile.lock. Run 'pod install' or update your CocoaPods installation.\" >&2\n    exit 1\nfi\n# This output is used by Xcode 'outputs' to avoid re-running this script phase.\necho \"SUCCESS\" > \"${SCRIPT_OUTPUT_FILE_0}\"\n";
			showEnvVarsInLog = 0;
		};
/* End PBXShellScriptBuildPhase section */

/* Begin PBXSourcesBuildPhase section */
		6E11CEC92D0719AB007CFA37 /* Sources */ = {
			isa = PBXSourcesBuildPhase;
			buildActionMask = 2147483647;
			files = (
				6E12BD692D5B5B0100398924 /* LoginViewController 2.swift in Sources */,
				6E12BD6B2D5B5B1F00398924 /* RegisterViewController 2.swift in Sources */,
				6E12BD5B2D5B5A6F00398924 /* ViewController.swift in Sources */,
				6E12BD6D2D5B5B2C00398924 /* MainViewController 2.swift in Sources */,
				6EB42B9E2D5A1B1A0079E6AF /* AppDelegate.swift in Sources */,
				6E12BD792D5B75AD00398924 /* ChatTableViewCell.swift in Sources */,
				6EB42B9F2D5A1B1A0079E6AF /* SceneDelegate.swift in Sources */,
				6E12BD6F2D5B5B3700398924 /* WelcomViewController.swift in Sources */,
			);
			runOnlyForDeploymentPostprocessing = 0;
		};
		6E11CEDF2D0719AD007CFA37 /* Sources */ = {
			isa = PBXSourcesBuildPhase;
			buildActionMask = 2147483647;
			files = (
			);
			runOnlyForDeploymentPostprocessing = 0;
		};
		6E11CEE92D0719AD007CFA37 /* Sources */ = {
			isa = PBXSourcesBuildPhase;
			buildActionMask = 2147483647;
			files = (
			);
			runOnlyForDeploymentPostprocessing = 0;
		};
/* End PBXSourcesBuildPhase section */

/* Begin PBXTargetDependency section */
		6E11CEE52D0719AD007CFA37 /* PBXTargetDependency */ = {
			isa = PBXTargetDependency;
			target = 6E11CECC2D0719AB007CFA37 /* chattappyirmak */;
			targetProxy = 6E11CEE42D0719AD007CFA37 /* PBXContainerItemProxy */;
		};
		6E11CEEF2D0719AD007CFA37 /* PBXTargetDependency */ = {
			isa = PBXTargetDependency;
			target = 6E11CECC2D0719AB007CFA37 /* chattappyirmak */;
			targetProxy = 6E11CEEE2D0719AD007CFA37 /* PBXContainerItemProxy */;
		};
/* End PBXTargetDependency section */

/* Begin PBXVariantGroup section */
		6EB42B932D5A1B1A0079E6AF /* LaunchScreen.storyboard */ = {
			isa = PBXVariantGroup;
			children = (
				6EB42B922D5A1B1A0079E6AF /* Base */,
			);
			name = LaunchScreen.storyboard;
			sourceTree = "<group>";
		};
		6EB42B952D5A1B1A0079E6AF /* Main.storyboard */ = {
			isa = PBXVariantGroup;
			children = (
				6EB42B942D5A1B1A0079E6AF /* Base */,
			);
			name = Main.storyboard;
			sourceTree = "<group>";
		};
/* End PBXVariantGroup section */

/* Begin XCBuildConfiguration section */
		6E11CEF72D0719AD007CFA37 /* Debug */ = {
			isa = XCBuildConfiguration;
			baseConfigurationReference = 8034ACA3BB3FA52AFB4B08F4 /* Pods-chattappyirmak.debug.xcconfig */;
			buildSettings = {
				ASSETCATALOG_COMPILER_APPICON_NAME = AppIcon;
				ASSETCATALOG_COMPILER_GLOBAL_ACCENT_COLOR_NAME = AccentColor;
				CODE_SIGN_STYLE = Automatic;
				CURRENT_PROJECT_VERSION = 1;
				GENERATE_INFOPLIST_FILE = YES;
				INFOPLIST_FILE = chattappyirmak/Info.plist;
				INFOPLIST_KEY_UIApplicationSupportsIndirectInputEvents = YES;
				INFOPLIST_KEY_UILaunchStoryboardName = LaunchScreen;
				INFOPLIST_KEY_UIMainStoryboardFile = Main;
				INFOPLIST_KEY_UISupportedInterfaceOrientations_iPad = "UIInterfaceOrientationPortrait UIInterfaceOrientationPortraitUpsideDown UIInterfaceOrientationLandscapeLeft UIInterfaceOrientationLandscapeRight";
				INFOPLIST_KEY_UISupportedInterfaceOrientations_iPhone = "UIInterfaceOrientationPortrait UIInterfaceOrientationLandscapeLeft UIInterfaceOrientationLandscapeRight";
				LD_RUNPATH_SEARCH_PATHS = (
					"$(inherited)",
					"@executable_path/Frameworks",
				);
				MARKETING_VERSION = 1.0;
				PRODUCT_BUNDLE_IDENTIFIER = com.lideatech.chattappyirmak;
				PRODUCT_NAME = "$(TARGET_NAME)";
				SWIFT_EMIT_LOC_STRINGS = YES;
				SWIFT_VERSION = 5.0;
				TARGETED_DEVICE_FAMILY = "1,2";
			};
			name = Debug;
		};
		6E11CEF82D0719AD007CFA37 /* Release */ = {
			isa = XCBuildConfiguration;
			baseConfigurationReference = 53321D452612336DB177C7A4 /* Pods-chattappyirmak.release.xcconfig */;
			buildSettings = {
				ASSETCATALOG_COMPILER_APPICON_NAME = AppIcon;
				ASSETCATALOG_COMPILER_GLOBAL_ACCENT_COLOR_NAME = AccentColor;
				CODE_SIGN_STYLE = Automatic;
				CURRENT_PROJECT_VERSION = 1;
				GENERATE_INFOPLIST_FILE = YES;
				INFOPLIST_FILE = chattappyirmak/Info.plist;
				INFOPLIST_KEY_UIApplicationSupportsIndirectInputEvents = YES;
				INFOPLIST_KEY_UILaunchStoryboardName = LaunchScreen;
				INFOPLIST_KEY_UIMainStoryboardFile = Main;
				INFOPLIST_KEY_UISupportedInterfaceOrientations_iPad = "UIInterfaceOrientationPortrait UIInterfaceOrientationPortraitUpsideDown UIInterfaceOrientationLandscapeLeft UIInterfaceOrientationLandscapeRight";
				INFOPLIST_KEY_UISupportedInterfaceOrientations_iPhone = "UIInterfaceOrientationPortrait UIInterfaceOrientationLandscapeLeft UIInterfaceOrientationLandscapeRight";
				LD_RUNPATH_SEARCH_PATHS = (
					"$(inherited)",
					"@executable_path/Frameworks",
				);
				MARKETING_VERSION = 1.0;
				PRODUCT_BUNDLE_IDENTIFIER = com.lideatech.chattappyirmak;
				PRODUCT_NAME = "$(TARGET_NAME)";
				SWIFT_EMIT_LOC_STRINGS = YES;
				SWIFT_VERSION = 5.0;
				TARGETED_DEVICE_FAMILY = "1,2";
			};
			name = Release;
		};
		6E11CEF92D0719AD007CFA37 /* Debug */ = {
			isa = XCBuildConfiguration;
			buildSettings = {
				ALWAYS_SEARCH_USER_PATHS = NO;
				ASSETCATALOG_COMPILER_GENERATE_SWIFT_ASSET_SYMBOL_EXTENSIONS = YES;
				CLANG_ANALYZER_NONNULL = YES;
				CLANG_ANALYZER_NUMBER_OBJECT_CONVERSION = YES_AGGRESSIVE;
				CLANG_CXX_LANGUAGE_STANDARD = "gnu++20";
				CLANG_ENABLE_MODULES = YES;
				CLANG_ENABLE_OBJC_ARC = YES;
				CLANG_ENABLE_OBJC_WEAK = YES;
				CLANG_WARN_BLOCK_CAPTURE_AUTORELEASING = YES;
				CLANG_WARN_BOOL_CONVERSION = YES;
				CLANG_WARN_COMMA = YES;
				CLANG_WARN_CONSTANT_CONVERSION = YES;
				CLANG_WARN_DEPRECATED_OBJC_IMPLEMENTATIONS = YES;
				CLANG_WARN_DIRECT_OBJC_ISA_USAGE = YES_ERROR;
				CLANG_WARN_DOCUMENTATION_COMMENTS = YES;
				CLANG_WARN_EMPTY_BODY = YES;
				CLANG_WARN_ENUM_CONVERSION = YES;
				CLANG_WARN_INFINITE_RECURSION = YES;
				CLANG_WARN_INT_CONVERSION = YES;
				CLANG_WARN_NON_LITERAL_NULL_CONVERSION = YES;
				CLANG_WARN_OBJC_IMPLICIT_RETAIN_SELF = YES;
				CLANG_WARN_OBJC_LITERAL_CONVERSION = YES;
				CLANG_WARN_OBJC_ROOT_CLASS = YES_ERROR;
				CLANG_WARN_QUOTED_INCLUDE_IN_FRAMEWORK_HEADER = YES;
				CLANG_WARN_RANGE_LOOP_ANALYSIS = YES;
				CLANG_WARN_STRICT_PROTOTYPES = YES;
				CLANG_WARN_SUSPICIOUS_MOVE = YES;
				CLANG_WARN_UNGUARDED_AVAILABILITY = YES_AGGRESSIVE;
				CLANG_WARN_UNREACHABLE_CODE = YES;
				CLANG_WARN__DUPLICATE_METHOD_MATCH = YES;
				COPY_PHASE_STRIP = NO;
				DEBUG_INFORMATION_FORMAT = dwarf;
				ENABLE_STRICT_OBJC_MSGSEND = YES;
				ENABLE_TESTABILITY = YES;
				ENABLE_USER_SCRIPT_SANDBOXING = NO;
				GCC_C_LANGUAGE_STANDARD = gnu17;
				GCC_DYNAMIC_NO_PIC = NO;
				GCC_NO_COMMON_BLOCKS = YES;
				GCC_OPTIMIZATION_LEVEL = 0;
				GCC_PREPROCESSOR_DEFINITIONS = (
					"DEBUG=1",
					"$(inherited)",
				);
				GCC_WARN_64_TO_32_BIT_CONVERSION = YES;
				GCC_WARN_ABOUT_RETURN_TYPE = YES_ERROR;
				GCC_WARN_UNDECLARED_SELECTOR = YES;
				GCC_WARN_UNINITIALIZED_AUTOS = YES_AGGRESSIVE;
				GCC_WARN_UNUSED_FUNCTION = YES;
				GCC_WARN_UNUSED_VARIABLE = YES;
				IPHONEOS_DEPLOYMENT_TARGET = 18.0;
				LOCALIZATION_PREFERS_STRING_CATALOGS = YES;
				MTL_ENABLE_DEBUG_INFO = INCLUDE_SOURCE;
				MTL_FAST_MATH = YES;
				ONLY_ACTIVE_ARCH = YES;
				SDKROOT = iphoneos;
				SWIFT_ACTIVE_COMPILATION_CONDITIONS = "DEBUG $(inherited)";
				SWIFT_OPTIMIZATION_LEVEL = "-Onone";
			};
			name = Debug;
		};
		6E11CEFA2D0719AD007CFA37 /* Release */ = {
			isa = XCBuildConfiguration;
			buildSettings = {
				ALWAYS_SEARCH_USER_PATHS = NO;
				ASSETCATALOG_COMPILER_GENERATE_SWIFT_ASSET_SYMBOL_EXTENSIONS = YES;
				CLANG_ANALYZER_NONNULL = YES;
				CLANG_ANALYZER_NUMBER_OBJECT_CONVERSION = YES_AGGRESSIVE;
				CLANG_CXX_LANGUAGE_STANDARD = "gnu++20";
				CLANG_ENABLE_MODULES = YES;
				CLANG_ENABLE_OBJC_ARC = YES;
				CLANG_ENABLE_OBJC_WEAK = YES;
				CLANG_WARN_BLOCK_CAPTURE_AUTORELEASING = YES;
				CLANG_WARN_BOOL_CONVERSION = YES;
				CLANG_WARN_COMMA = YES;
				CLANG_WARN_CONSTANT_CONVERSION = YES;
				CLANG_WARN_DEPRECATED_OBJC_IMPLEMENTATIONS = YES;
				CLANG_WARN_DIRECT_OBJC_ISA_USAGE = YES_ERROR;
				CLANG_WARN_DOCUMENTATION_COMMENTS = YES;
				CLANG_WARN_EMPTY_BODY = YES;
				CLANG_WARN_ENUM_CONVERSION = YES;
				CLANG_WARN_INFINITE_RECURSION = YES;
				CLANG_WARN_INT_CONVERSION = YES;
				CLANG_WARN_NON_LITERAL_NULL_CONVERSION = YES;
				CLANG_WARN_OBJC_IMPLICIT_RETAIN_SELF = YES;
				CLANG_WARN_OBJC_LITERAL_CONVERSION = YES;
				CLANG_WARN_OBJC_ROOT_CLASS = YES_ERROR;
				CLANG_WARN_QUOTED_INCLUDE_IN_FRAMEWORK_HEADER = YES;
				CLANG_WARN_RANGE_LOOP_ANALYSIS = YES;
				CLANG_WARN_STRICT_PROTOTYPES = YES;
				CLANG_WARN_SUSPICIOUS_MOVE = YES;
				CLANG_WARN_UNGUARDED_AVAILABILITY = YES_AGGRESSIVE;
				CLANG_WARN_UNREACHABLE_CODE = YES;
				CLANG_WARN__DUPLICATE_METHOD_MATCH = YES;
				COPY_PHASE_STRIP = NO;
				DEBUG_INFORMATION_FORMAT = "dwarf-with-dsym";
				ENABLE_NS_ASSERTIONS = NO;
				ENABLE_STRICT_OBJC_MSGSEND = YES;
				ENABLE_USER_SCRIPT_SANDBOXING = NO;
				GCC_C_LANGUAGE_STANDARD = gnu17;
				GCC_NO_COMMON_BLOCKS = YES;
				GCC_WARN_64_TO_32_BIT_CONVERSION = YES;
				GCC_WARN_ABOUT_RETURN_TYPE = YES_ERROR;
				GCC_WARN_UNDECLARED_SELECTOR = YES;
				GCC_WARN_UNINITIALIZED_AUTOS = YES_AGGRESSIVE;
				GCC_WARN_UNUSED_FUNCTION = YES;
				GCC_WARN_UNUSED_VARIABLE = YES;
				IPHONEOS_DEPLOYMENT_TARGET = 18.0;
				LOCALIZATION_PREFERS_STRING_CATALOGS = YES;
				MTL_ENABLE_DEBUG_INFO = NO;
				MTL_FAST_MATH = YES;
				SDKROOT = iphoneos;
				SWIFT_COMPILATION_MODE = wholemodule;
				VALIDATE_PRODUCT = YES;
			};
			name = Release;
		};
		6E11CEFC2D0719AD007CFA37 /* Debug */ = {
			isa = XCBuildConfiguration;
			buildSettings = {
				BUNDLE_LOADER = "$(TEST_HOST)";
				CODE_SIGN_STYLE = Automatic;
				CURRENT_PROJECT_VERSION = 1;
				GENERATE_INFOPLIST_FILE = YES;
				IPHONEOS_DEPLOYMENT_TARGET = 18.0;
				MARKETING_VERSION = 1.0;
				PRODUCT_BUNDLE_IDENTIFIER = com.lideatech.chattappyirmakTests;
				PRODUCT_NAME = "$(TARGET_NAME)";
				SWIFT_EMIT_LOC_STRINGS = NO;
				SWIFT_VERSION = 5.0;
				TARGETED_DEVICE_FAMILY = "1,2";
				TEST_HOST = "$(BUILT_PRODUCTS_DIR)/chattappyirmak.app/$(BUNDLE_EXECUTABLE_FOLDER_PATH)/chattappyirmak";
			};
			name = Debug;
		};
		6E11CEFD2D0719AD007CFA37 /* Release */ = {
			isa = XCBuildConfiguration;
			buildSettings = {
				BUNDLE_LOADER = "$(TEST_HOST)";
				CODE_SIGN_STYLE = Automatic;
				CURRENT_PROJECT_VERSION = 1;
				GENERATE_INFOPLIST_FILE = YES;
				IPHONEOS_DEPLOYMENT_TARGET = 18.0;
				MARKETING_VERSION = 1.0;
				PRODUCT_BUNDLE_IDENTIFIER = com.lideatech.chattappyirmakTests;
				PRODUCT_NAME = "$(TARGET_NAME)";
				SWIFT_EMIT_LOC_STRINGS = NO;
				SWIFT_VERSION = 5.0;
				TARGETED_DEVICE_FAMILY = "1,2";
				TEST_HOST = "$(BUILT_PRODUCTS_DIR)/chattappyirmak.app/$(BUNDLE_EXECUTABLE_FOLDER_PATH)/chattappyirmak";
			};
			name = Release;
		};
		6E11CEFF2D0719AD007CFA37 /* Debug */ = {
			isa = XCBuildConfiguration;
			buildSettings = {
				CODE_SIGN_STYLE = Automatic;
				CURRENT_PROJECT_VERSION = 1;
				GENERATE_INFOPLIST_FILE = YES;
				MARKETING_VERSION = 1.0;
				PRODUCT_BUNDLE_IDENTIFIER = com.lideatech.chattappyirmakUITests;
				PRODUCT_NAME = "$(TARGET_NAME)";
				SWIFT_EMIT_LOC_STRINGS = NO;
				SWIFT_VERSION = 5.0;
				TARGETED_DEVICE_FAMILY = "1,2";
				TEST_TARGET_NAME = chattappyirmak;
			};
			name = Debug;
		};
		6E11CF002D0719AD007CFA37 /* Release */ = {
			isa = XCBuildConfiguration;
			buildSettings = {
				CODE_SIGN_STYLE = Automatic;
				CURRENT_PROJECT_VERSION = 1;
				GENERATE_INFOPLIST_FILE = YES;
				MARKETING_VERSION = 1.0;
				PRODUCT_BUNDLE_IDENTIFIER = com.lideatech.chattappyirmakUITests;
				PRODUCT_NAME = "$(TARGET_NAME)";
				SWIFT_EMIT_LOC_STRINGS = NO;
				SWIFT_VERSION = 5.0;
				TARGETED_DEVICE_FAMILY = "1,2";
				TEST_TARGET_NAME = chattappyirmak;
			};
			name = Release;
		};
/* End XCBuildConfiguration section */

/* Begin XCConfigurationList section */
		6E11CEC82D0719AB007CFA37 /* Build configuration list for PBXProject "chattappyirmak" */ = {
			isa = XCConfigurationList;
			buildConfigurations = (
				6E11CEF92D0719AD007CFA37 /* Debug */,
				6E11CEFA2D0719AD007CFA37 /* Release */,
			);
			defaultConfigurationIsVisible = 0;
			defaultConfigurationName = Release;
		};
		6E11CEF62D0719AD007CFA37 /* Build configuration list for PBXNativeTarget "chattappyirmak" */ = {
			isa = XCConfigurationList;
			buildConfigurations = (
				6E11CEF72D0719AD007CFA37 /* Debug */,
				6E11CEF82D0719AD007CFA37 /* Release */,
			);
			defaultConfigurationIsVisible = 0;
			defaultConfigurationName = Release;
		};
		6E11CEFB2D0719AD007CFA37 /* Build configuration list for PBXNativeTarget "chattappyirmakTests" */ = {
			isa = XCConfigurationList;
			buildConfigurations = (
				6E11CEFC2D0719AD007CFA37 /* Debug */,
				6E11CEFD2D0719AD007CFA37 /* Release */,
			);
			defaultConfigurationIsVisible = 0;
			defaultConfigurationName = Release;
		};
		6E11CEFE2D0719AD007CFA37 /* Build configuration list for PBXNativeTarget "chattappyirmakUITests" */ = {
			isa = XCConfigurationList;
			buildConfigurations = (
				6E11CEFF2D0719AD007CFA37 /* Debug */,
				6E11CF002D0719AD007CFA37 /* Release */,
			);
			defaultConfigurationIsVisible = 0;
			defaultConfigurationName = Release;
		};
/* End XCConfigurationList section */
	};
	rootObject = 6E11CEC52D0719AB007CFA37 /* Project object */;
}
